<?xml version="1.0" encoding="utf-8"?>
<Project ToolsVersion="4.0" xmlns="http://schemas.microsoft.com/developer/msbuild/2003">
  <ItemGroup>
    <Filter Include="Source Files">
      <UniqueIdentifier>{4FC737F1-C7A5-4376-A066-2A32D752A2FF}</UniqueIdentifier>
      <Extensions>cpp;c;cc;cxx;def;odl;idl;hpj;bat;asm;asmx</Extensions>
    </Filter>
    <Filter Include="Header Files">
      <UniqueIdentifier>{93995380-89BD-4b04-88EB-625FBE52EBFB}</UniqueIdentifier>
      <Extensions>h;hh;hpp;hxx;hm;inl;inc;ipp;xsd</Extensions>
    </Filter>
    <Filter Include="Resource Files">
      <UniqueIdentifier>{67DA6AB6-F800-4c08-8B7A-83BB121AAD01}</UniqueIdentifier>
      <Extensions>rc;ico;cur;bmp;dlg;rc2;rct;bin;rgs;gif;jpg;jpeg;jpe;resx;tiff;tif;png;wav;mfcribbon-ms</Extensions>
    </Filter>
  </ItemGroup>
  <ItemGroup>
    <ClCompile Include="main.cpp">
      <Filter>Source Files</Filter>
    </ClCompile>
    <ClCompile Include="classes\MainWindow.cpp">
      <Filter>Source Files</Filter>
    </ClCompile>
    <ClCompile Include="classes\Game.cpp">
      <Filter>Source Files</Filter>
    </ClCompile>
    <ClCompile Include="classes\Entity.cpp">
      <Filter>Source Files</Filter>
    </ClCompile>
    <ClCompile Include="classes\EntityManager.cpp">
      <Filter>Source Files</Filter>
    </ClCompile>
    <ClCompile Include="classes\DynamicBody.cpp">
      <Filter>Source Files</Filter>
    </ClCompile>
    <ClCompile Include="classes\Zombie.cpp">
      <Filter>Source Files</Filter>
    </ClCompile>
    <ClCompile Include="classes\AIType.cpp">
      <Filter>Source Files</Filter>
    </ClCompile>
    <ClCompile Include="classes\ZombieManager.cpp">
      <Filter>Source Files</Filter>
    </ClCompile>
    <ClCompile Include="classes\Player.cpp">
      <Filter>Source Files</Filter>
    </ClCompile>
    <ClCompile Include="classes\AssetManager.cpp">
      <Filter>Source Files</Filter>
    </ClCompile>
    <ClCompile Include="classes\AIAggressive.cpp">
      <Filter>Source Files</Filter>
    </ClCompile>
    <ClCompile Include="classes\AIChaotic.cpp">
      <Filter>Source Files</Filter>
    </ClCompile>
    <ClCompile Include="classes\AIIdle.cpp">
      <Filter>Source Files</Filter>
    </ClCompile>
    <ClCompile Include="classes\ZombieTank.cpp">
      <Filter>Source Files</Filter>
    </ClCompile>
    <ClCompile Include="classes\ZombieSprinter.cpp">
      <Filter>Source Files</Filter>
    </ClCompile>
    <ClCompile Include="classes\subject.cpp">
      <Filter>Source Files</Filter>
    </ClCompile>
    <ClCompile Include="classes\observer.cpp">
      <Filter>Source Files</Filter>
    </ClCompile>
    <ClCompile Include="classes\Level.cpp">
      <Filter>Source Files</Filter>
    </ClCompile>
    <ClCompile Include="classes\Weapon.cpp">
      <Filter>Source Files</Filter>
    </ClCompile>
    <ClCompile Include="classes\Hud.cpp">
      <Filter>Source Files</Filter>
    </ClCompile>
    <ClCompile Include="classes\AnimatedSprite.cpp">
      <Filter>Source Files</Filter>
    </ClCompile>
    <ClCompile Include="classes\Animation.cpp">
      <Filter>Source Files</Filter>
    </ClCompile>
  </ItemGroup>
  <ItemGroup>
    <ClInclude Include="classes\MainWindow.h">
      <Filter>Header Files</Filter>
    </ClInclude>
    <ClInclude Include="classes\Game.h">
      <Filter>Header Files</Filter>
    </ClInclude>
    <ClInclude Include="classes\Entity.h">
      <Filter>Header Files</Filter>
    </ClInclude>
    <ClInclude Include="classes\EntityManager.h">
      <Filter>Header Files</Filter>
    </ClInclude>
    <ClInclude Include="classes\ContactListener.h">
      <Filter>Header Files</Filter>
    </ClInclude>
    <ClInclude Include="classes\DynamicBody.h">
      <Filter>Header Files</Filter>
    </ClInclude>
    <ClInclude Include="classes\Zombie.h">
      <Filter>Header Files</Filter>
    </ClInclude>
    <ClInclude Include="classes\AIType.h">
      <Filter>Header Files</Filter>
    </ClInclude>
    <ClInclude Include="classes\ZombieManager.h">
      <Filter>Header Files</Filter>
    </ClInclude>
    <ClInclude Include="classes\AssetManager.h">
      <Filter>Header Files</Filter>
    </ClInclude>
    <ClInclude Include="classes\Player.h">
      <Filter>Header Files</Filter>
    </ClInclude>
    <ClInclude Include="classes\AIAggressive.h">
      <Filter>Header Files</Filter>
    </ClInclude>
    <ClInclude Include="classes\AIChaotic.h">
      <Filter>Header Files</Filter>
    </ClInclude>
    <ClInclude Include="classes\AIIdle.h">
      <Filter>Header Files</Filter>
    </ClInclude>
    <ClInclude Include="classes\ZombieTank.h">
      <Filter>Header Files</Filter>
    </ClInclude>
    <ClInclude Include="classes\ZombieSprinter.h">
      <Filter>Header Files</Filter>
    </ClInclude>
    <ClInclude Include="classes\subject.h">
      <Filter>Header Files</Filter>
    </ClInclude>
    <ClInclude Include="classes\observer.h">
      <Filter>Header Files</Filter>
    </ClInclude>
    <ClInclude Include="classes\Level.h">
      <Filter>Header Files</Filter>
    </ClInclude>
    <ClInclude Include="classes\Weapon.h">
      <Filter>Header Files</Filter>
    </ClInclude>
    <ClInclude Include="classes\Hud.h">
      <Filter>Header Files</Filter>
    </ClInclude>
    <ClInclude Include="classes\AnimatedSprite.h">
      <Filter>Header Files</Filter>
    </ClInclude>
    <ClInclude Include="classes\Animation.h">
      <Filter>Header Files</Filter>
    </ClInclude>
  </ItemGroup>
</Project>